
Microsoft Visual Studio Solution File, Format Version 12.00
# Visual Studio Version 16
VisualStudioVersion = 16.0.31729.503
MinimumVisualStudioVersion = 10.0.40219.1
Project("{9A19103F-16F7-4668-BE54-9A1E7A4F7556}") = "Example.Toveisdialog", "Example.Toveisdialog.csproj", "{89A567B1-02CE-4116-8225-7DB110E7103D}"
EndProject
Global
	GlobalSection(SolutionConfigurationPlatforms) = preSolution
		Debug|Any CPU = Debug|Any CPU
		Release|Any CPU = Release|Any CPU
	EndGlobalSection
	GlobalSection(ProjectConfigurationPlatforms) = postSolution
		{89A567B1-02CE-4116-8225-7DB110E7103D}.Debug|Any CPU.ActiveCfg = Debug|Any CPU
		{89A567B1-02CE-4116-8225-7DB110E7103D}.Debug|Any CPU.Build.0 = Debug|Any CPU
		{89A567B1-02CE-4116-8225-7DB110E7103D}.Release|Any CPU.ActiveCfg = Release|Any CPU
		{89A567B1-02CE-4116-8225-7DB110E7103D}.Release|Any CPU.Build.0 = Release|Any CPU
	EndGlobalSection
	GlobalSection(SolutionProperties) = preSolution
		HideSolutionNode = FALSE
	EndGlobalSection
	GlobalSection(ExtensibilityGlobals) = postSolution
		SolutionGuid = {54F783B9-DB28-42F7-82DE-A1A141309A39}
	EndGlobalSection
EndGlobal
